{
  "nodes": {
    "nixpkgs": {
      "locked": {
        "lastModified": 1683105740,
        "narHash": "sha256-Lmka1QIg178IV6qX01aNJWKiJl6Tb0wJNWVi92sBl5w",
        "owner": "NixOS",
        "repo": "nixpkgs",
        "rev": "8fd4097529b4a71e0de000c90c8c4279f534eada",
        "type": "github"
      },
      "original": {
        "owner": "NixOS",
        "ref": "master",
        "repo": "nixpkgs",
        "type": "github"
      }
    },
    "root": {
      "inputs": {
        "nixpkgs": "nixpkgs"
      }
    }
  },
  "root": "root",
  "version": 7
}
